
Microsoft Visual Studio Solution File, Format Version 12.00
# Visual Studio Version 16
VisualStudioVersion = 16.0.30002.166
MinimumVisualStudioVersion = 10.0.40219.1
Project("{8BC9CEB8-8B4A-11D0-8D11-00A0C91BC942}") = "230706_CheckString", "230706_CheckString\230706_CheckString.vcxproj", "{82AFB69A-FBED-4B77-8963-FA569E1C6286}"
EndProject
Project("{8BC9CEB8-8B4A-11D0-8D11-00A0C91BC942}") = "Sample-Test1", "Sample-Test1\Sample-Test1.vcxproj", "{12CCD74E-4D7F-4D73-95B0-B86ECC4457BF}"
EndProject
Project("{2150E333-8FDC-42A3-9474-1A3956D46DE8}") = "Solution Items", "Solution Items", "{1B85CA4E-8007-45B9-A027-EF83E18BFB32}"
	ProjectSection(SolutionItems) = preProject
		.gitignore = .gitignore
		README.md = README.md
	EndProjectSection
EndProject
Global
	GlobalSection(SolutionConfigurationPlatforms) = preSolution
		Debug|x64 = Debug|x64
		Debug|x86 = Debug|x86
		Release|x64 = Release|x64
		Release|x86 = Release|x86
	EndGlobalSection
	GlobalSection(ProjectConfigurationPlatforms) = postSolution
		{82AFB69A-FBED-4B77-8963-FA569E1C6286}.Debug|x64.ActiveCfg = Debug|x64
		{82AFB69A-FBED-4B77-8963-FA569E1C6286}.Debug|x64.Build.0 = Debug|x64
		{82AFB69A-FBED-4B77-8963-FA569E1C6286}.Debug|x86.ActiveCfg = Debug|Win32
		{82AFB69A-FBED-4B77-8963-FA569E1C6286}.Debug|x86.Build.0 = Debug|Win32
		{82AFB69A-FBED-4B77-8963-FA569E1C6286}.Release|x64.ActiveCfg = Release|x64
		{82AFB69A-FBED-4B77-8963-FA569E1C6286}.Release|x64.Build.0 = Release|x64
		{82AFB69A-FBED-4B77-8963-FA569E1C6286}.Release|x86.ActiveCfg = Release|Win32
		{82AFB69A-FBED-4B77-8963-FA569E1C6286}.Release|x86.Build.0 = Release|Win32
		{12CCD74E-4D7F-4D73-95B0-B86ECC4457BF}.Debug|x64.ActiveCfg = Debug|x64
		{12CCD74E-4D7F-4D73-95B0-B86ECC4457BF}.Debug|x64.Build.0 = Debug|x64
		{12CCD74E-4D7F-4D73-95B0-B86ECC4457BF}.Debug|x86.ActiveCfg = Debug|Win32
		{12CCD74E-4D7F-4D73-95B0-B86ECC4457BF}.Debug|x86.Build.0 = Debug|Win32
		{12CCD74E-4D7F-4D73-95B0-B86ECC4457BF}.Release|x64.ActiveCfg = Release|x64
		{12CCD74E-4D7F-4D73-95B0-B86ECC4457BF}.Release|x64.Build.0 = Release|x64
		{12CCD74E-4D7F-4D73-95B0-B86ECC4457BF}.Release|x86.ActiveCfg = Release|Win32
		{12CCD74E-4D7F-4D73-95B0-B86ECC4457BF}.Release|x86.Build.0 = Release|Win32
	EndGlobalSection
	GlobalSection(SolutionProperties) = preSolution
		HideSolutionNode = FALSE
	EndGlobalSection
	GlobalSection(ExtensibilityGlobals) = postSolution
		SolutionGuid = {36F70A5E-8C13-40C2-B20C-31DD45C85523}
	EndGlobalSection
EndGlobal
